
Microsoft Visual Studio Solution File, Format Version 12.00
# Visual Studio Version 17
VisualStudioVersion = 17.3.32901.215
MinimumVisualStudioVersion = 10.0.40219.1
Project("{FAE04EC0-301F-11D3-BF4B-00C04F79EFBC}") = "PromotionAggeregator.Presentation", "PromotionAggeregator.Presentation\PromotionAggeregator.Presentation.csproj", "{DF44E2DD-B85B-4C24-93BE-15AE636B3692}"
	ProjectSection(ProjectDependencies) = postProject
		{4EBBA279-82D5-4E9D-90F0-ED27E2807159} = {4EBBA279-82D5-4E9D-90F0-ED27E2807159}
	EndProjectSection
EndProject
Project("{FAE04EC0-301F-11D3-BF4B-00C04F79EFBC}") = "PromotionAggregator.Logic", "PromotionAggregator.Logic\PromotionAggregator.Logic.csproj", "{4EBBA279-82D5-4E9D-90F0-ED27E2807159}"
EndProject
Project("{FAE04EC0-301F-11D3-BF4B-00C04F79EFBC}") = "PromotionAggregator.Tests", "PromotionAggregator.Tests\PromotionAggregator.Tests.csproj", "{45A8B39A-D479-49A0-816B-61852AF5C3EE}"
EndProject
Global
	GlobalSection(SolutionConfigurationPlatforms) = preSolution
		Debug|Any CPU = Debug|Any CPU
		Debug|ARM = Debug|ARM
		Debug|ARM64 = Debug|ARM64
		Debug|x64 = Debug|x64
		Debug|x86 = Debug|x86
		Release|Any CPU = Release|Any CPU
		Release|ARM = Release|ARM
		Release|ARM64 = Release|ARM64
		Release|x64 = Release|x64
		Release|x86 = Release|x86
	EndGlobalSection
	GlobalSection(ProjectConfigurationPlatforms) = postSolution
		{DF44E2DD-B85B-4C24-93BE-15AE636B3692}.Debug|Any CPU.ActiveCfg = Debug|x64
		{DF44E2DD-B85B-4C24-93BE-15AE636B3692}.Debug|Any CPU.Build.0 = Debug|x64
		{DF44E2DD-B85B-4C24-93BE-15AE636B3692}.Debug|Any CPU.Deploy.0 = Debug|x64
		{DF44E2DD-B85B-4C24-93BE-15AE636B3692}.Debug|ARM.ActiveCfg = Debug|ARM
		{DF44E2DD-B85B-4C24-93BE-15AE636B3692}.Debug|ARM.Build.0 = Debug|ARM
		{DF44E2DD-B85B-4C24-93BE-15AE636B3692}.Debug|ARM.Deploy.0 = Debug|ARM
		{DF44E2DD-B85B-4C24-93BE-15AE636B3692}.Debug|ARM64.ActiveCfg = Debug|ARM64
		{DF44E2DD-B85B-4C24-93BE-15AE636B3692}.Debug|ARM64.Build.0 = Debug|ARM64
		{DF44E2DD-B85B-4C24-93BE-15AE636B3692}.Debug|ARM64.Deploy.0 = Debug|ARM64
		{DF44E2DD-B85B-4C24-93BE-15AE636B3692}.Debug|x64.ActiveCfg = Debug|x64
		{DF44E2DD-B85B-4C24-93BE-15AE636B3692}.Debug|x64.Build.0 = Debug|x64
		{DF44E2DD-B85B-4C24-93BE-15AE636B3692}.Debug|x86.ActiveCfg = Debug|x86
		{DF44E2DD-B85B-4C24-93BE-15AE636B3692}.Debug|x86.Build.0 = Debug|x86
		{DF44E2DD-B85B-4C24-93BE-15AE636B3692}.Debug|x86.Deploy.0 = Debug|x86
		{DF44E2DD-B85B-4C24-93BE-15AE636B3692}.Release|Any CPU.ActiveCfg = Release|x64
		{DF44E2DD-B85B-4C24-93BE-15AE636B3692}.Release|Any CPU.Build.0 = Release|x64
		{DF44E2DD-B85B-4C24-93BE-15AE636B3692}.Release|Any CPU.Deploy.0 = Release|x64
		{DF44E2DD-B85B-4C24-93BE-15AE636B3692}.Release|ARM.ActiveCfg = Release|ARM
		{DF44E2DD-B85B-4C24-93BE-15AE636B3692}.Release|ARM.Build.0 = Release|ARM
		{DF44E2DD-B85B-4C24-93BE-15AE636B3692}.Release|ARM.Deploy.0 = Release|ARM
		{DF44E2DD-B85B-4C24-93BE-15AE636B3692}.Release|ARM64.ActiveCfg = Release|ARM64
		{DF44E2DD-B85B-4C24-93BE-15AE636B3692}.Release|ARM64.Build.0 = Release|ARM64
		{DF44E2DD-B85B-4C24-93BE-15AE636B3692}.Release|ARM64.Deploy.0 = Release|ARM64
		{DF44E2DD-B85B-4C24-93BE-15AE636B3692}.Release|x64.ActiveCfg = Release|x64
		{DF44E2DD-B85B-4C24-93BE-15AE636B3692}.Release|x64.Build.0 = Release|x64
		{DF44E2DD-B85B-4C24-93BE-15AE636B3692}.Release|x64.Deploy.0 = Release|x64
		{DF44E2DD-B85B-4C24-93BE-15AE636B3692}.Release|x86.ActiveCfg = Release|x86
		{DF44E2DD-B85B-4C24-93BE-15AE636B3692}.Release|x86.Build.0 = Release|x86
		{DF44E2DD-B85B-4C24-93BE-15AE636B3692}.Release|x86.Deploy.0 = Release|x86
		{4EBBA279-82D5-4E9D-90F0-ED27E2807159}.Debug|Any CPU.ActiveCfg = Debug|Any CPU
		{4EBBA279-82D5-4E9D-90F0-ED27E2807159}.Debug|Any CPU.Build.0 = Debug|Any CPU
		{4EBBA279-82D5-4E9D-90F0-ED27E2807159}.Debug|ARM.ActiveCfg = Debug|ARM
		{4EBBA279-82D5-4E9D-90F0-ED27E2807159}.Debug|ARM.Build.0 = Debug|ARM
		{4EBBA279-82D5-4E9D-90F0-ED27E2807159}.Debug|ARM64.ActiveCfg = Debug|ARM64
		{4EBBA279-82D5-4E9D-90F0-ED27E2807159}.Debug|ARM64.Build.0 = Debug|ARM64
		{4EBBA279-82D5-4E9D-90F0-ED27E2807159}.Debug|x64.ActiveCfg = Debug|x64
		{4EBBA279-82D5-4E9D-90F0-ED27E2807159}.Debug|x64.Build.0 = Debug|x64
		{4EBBA279-82D5-4E9D-90F0-ED27E2807159}.Debug|x86.ActiveCfg = Debug|x86
		{4EBBA279-82D5-4E9D-90F0-ED27E2807159}.Debug|x86.Build.0 = Debug|x86
		{4EBBA279-82D5-4E9D-90F0-ED27E2807159}.Release|Any CPU.ActiveCfg = Release|Any CPU
		{4EBBA279-82D5-4E9D-90F0-ED27E2807159}.Release|Any CPU.Build.0 = Release|Any CPU
		{4EBBA279-82D5-4E9D-90F0-ED27E2807159}.Release|ARM.ActiveCfg = Release|ARM
		{4EBBA279-82D5-4E9D-90F0-ED27E2807159}.Release|ARM.Build.0 = Release|ARM
		{4EBBA279-82D5-4E9D-90F0-ED27E2807159}.Release|ARM64.ActiveCfg = Release|ARM64
		{4EBBA279-82D5-4E9D-90F0-ED27E2807159}.Release|ARM64.Build.0 = Release|ARM64
		{4EBBA279-82D5-4E9D-90F0-ED27E2807159}.Release|x64.ActiveCfg = Release|x64
		{4EBBA279-82D5-4E9D-90F0-ED27E2807159}.Release|x64.Build.0 = Release|x64
		{4EBBA279-82D5-4E9D-90F0-ED27E2807159}.Release|x86.ActiveCfg = Release|x86
		{4EBBA279-82D5-4E9D-90F0-ED27E2807159}.Release|x86.Build.0 = Release|x86
		{45A8B39A-D479-49A0-816B-61852AF5C3EE}.Debug|Any CPU.ActiveCfg = Debug|x64
		{45A8B39A-D479-49A0-816B-61852AF5C3EE}.Debug|Any CPU.Build.0 = Debug|x64
		{45A8B39A-D479-49A0-816B-61852AF5C3EE}.Debug|Any CPU.Deploy.0 = Debug|x64
		{45A8B39A-D479-49A0-816B-61852AF5C3EE}.Debug|ARM.ActiveCfg = Debug|ARM
		{45A8B39A-D479-49A0-816B-61852AF5C3EE}.Debug|ARM.Build.0 = Debug|ARM
		{45A8B39A-D479-49A0-816B-61852AF5C3EE}.Debug|ARM.Deploy.0 = Debug|ARM
		{45A8B39A-D479-49A0-816B-61852AF5C3EE}.Debug|ARM64.ActiveCfg = Debug|ARM64
		{45A8B39A-D479-49A0-816B-61852AF5C3EE}.Debug|ARM64.Build.0 = Debug|ARM64
		{45A8B39A-D479-49A0-816B-61852AF5C3EE}.Debug|ARM64.Deploy.0 = Debug|ARM64
		{45A8B39A-D479-49A0-816B-61852AF5C3EE}.Debug|x64.ActiveCfg = Debug|x64
		{45A8B39A-D479-49A0-816B-61852AF5C3EE}.Debug|x64.Build.0 = Debug|x64
		{45A8B39A-D479-49A0-816B-61852AF5C3EE}.Debug|x64.Deploy.0 = Debug|x64
		{45A8B39A-D479-49A0-816B-61852AF5C3EE}.Debug|x86.ActiveCfg = Debug|x86
		{45A8B39A-D479-49A0-816B-61852AF5C3EE}.Debug|x86.Build.0 = Debug|x86
		{45A8B39A-D479-49A0-816B-61852AF5C3EE}.Debug|x86.Deploy.0 = Debug|x86
		{45A8B39A-D479-49A0-816B-61852AF5C3EE}.Release|Any CPU.ActiveCfg = Release|x64
		{45A8B39A-D479-49A0-816B-61852AF5C3EE}.Release|Any CPU.Build.0 = Release|x64
		{45A8B39A-D479-49A0-816B-61852AF5C3EE}.Release|Any CPU.Deploy.0 = Release|x64
		{45A8B39A-D479-49A0-816B-61852AF5C3EE}.Release|ARM.ActiveCfg = Release|ARM
		{45A8B39A-D479-49A0-816B-61852AF5C3EE}.Release|ARM.Build.0 = Release|ARM
		{45A8B39A-D479-49A0-816B-61852AF5C3EE}.Release|ARM.Deploy.0 = Release|ARM
		{45A8B39A-D479-49A0-816B-61852AF5C3EE}.Release|ARM64.ActiveCfg = Release|ARM64
		{45A8B39A-D479-49A0-816B-61852AF5C3EE}.Release|ARM64.Build.0 = Release|ARM64
		{45A8B39A-D479-49A0-816B-61852AF5C3EE}.Release|ARM64.Deploy.0 = Release|ARM64
		{45A8B39A-D479-49A0-816B-61852AF5C3EE}.Release|x64.ActiveCfg = Release|x64
		{45A8B39A-D479-49A0-816B-61852AF5C3EE}.Release|x64.Build.0 = Release|x64
		{45A8B39A-D479-49A0-816B-61852AF5C3EE}.Release|x64.Deploy.0 = Release|x64
		{45A8B39A-D479-49A0-816B-61852AF5C3EE}.Release|x86.ActiveCfg = Release|x86
		{45A8B39A-D479-49A0-816B-61852AF5C3EE}.Release|x86.Build.0 = Release|x86
		{45A8B39A-D479-49A0-816B-61852AF5C3EE}.Release|x86.Deploy.0 = Release|x86
	EndGlobalSection
	GlobalSection(SolutionProperties) = preSolution
		HideSolutionNode = FALSE
	EndGlobalSection
	GlobalSection(ExtensibilityGlobals) = postSolution
		SolutionGuid = {434DDACC-6C8C-490E-B377-EB6335B2464A}
	EndGlobalSection
EndGlobal
